
Microsoft Visual Studio Solution File, Format Version 12.00
# Visual Studio Version 17
VisualStudioVersion = 17.5.33516.290
MinimumVisualStudioVersion = 10.0.40219.1
Project("{888888A0-9F3D-457C-B088-3A5042F75D52}") = "упорядочные числа", "упорядочные числа\упорядочные числа.pyproj", "{6A24AFA1-DEA5-40F5-A9E1-E5C7CD7785C1}"
EndProject
Global
	GlobalSection(SolutionConfigurationPlatforms) = preSolution
		Debug|Any CPU = Debug|Any CPU
		Release|Any CPU = Release|Any CPU
	EndGlobalSection
	GlobalSection(ProjectConfigurationPlatforms) = postSolution
		{6A24AFA1-DEA5-40F5-A9E1-E5C7CD7785C1}.Debug|Any CPU.ActiveCfg = Debug|Any CPU
		{6A24AFA1-DEA5-40F5-A9E1-E5C7CD7785C1}.Release|Any CPU.ActiveCfg = Release|Any CPU
	EndGlobalSection
	GlobalSection(SolutionProperties) = preSolution
		HideSolutionNode = FALSE
	EndGlobalSection
	GlobalSection(ExtensibilityGlobals) = postSolution
		SolutionGuid = {81BD3801-8BAF-4D31-9602-7948CFB80650}
	EndGlobalSection
EndGlobal
