
Microsoft Visual Studio Solution File, Format Version 12.00
# Visual Studio Version 17
VisualStudioVersion = 17.5.33516.290
MinimumVisualStudioVersion = 10.0.40219.1
Project("{888888A0-9F3D-457C-B088-3A5042F75D52}") = "количество чисел", "количество чисел\количество чисел.pyproj", "{D25DA143-FC40-4B00-A78B-755ED3036BE1}"
EndProject
Global
	GlobalSection(SolutionConfigurationPlatforms) = preSolution
		Debug|Any CPU = Debug|Any CPU
		Release|Any CPU = Release|Any CPU
	EndGlobalSection
	GlobalSection(ProjectConfigurationPlatforms) = postSolution
		{D25DA143-FC40-4B00-A78B-755ED3036BE1}.Debug|Any CPU.ActiveCfg = Debug|Any CPU
		{D25DA143-FC40-4B00-A78B-755ED3036BE1}.Release|Any CPU.ActiveCfg = Release|Any CPU
	EndGlobalSection
	GlobalSection(SolutionProperties) = preSolution
		HideSolutionNode = FALSE
	EndGlobalSection
	GlobalSection(ExtensibilityGlobals) = postSolution
		SolutionGuid = {ED5817E0-DED5-4B62-8C10-E22B7E3132AD}
	EndGlobalSection
EndGlobal
