
Microsoft Visual Studio Solution File, Format Version 12.00
# Visual Studio Version 17
VisualStudioVersion = 17.5.33530.505
MinimumVisualStudioVersion = 10.0.40219.1
Project("{888888A0-9F3D-457C-B088-3A5042F75D52}") = "экзамен", "экзамен\экзамен.pyproj", "{9F83EEE8-587D-49A7-A8AB-85C9D8019226}"
EndProject
Global
	GlobalSection(SolutionConfigurationPlatforms) = preSolution
		Debug|Any CPU = Debug|Any CPU
		Release|Any CPU = Release|Any CPU
	EndGlobalSection
	GlobalSection(ProjectConfigurationPlatforms) = postSolution
		{9F83EEE8-587D-49A7-A8AB-85C9D8019226}.Debug|Any CPU.ActiveCfg = Debug|Any CPU
		{9F83EEE8-587D-49A7-A8AB-85C9D8019226}.Release|Any CPU.ActiveCfg = Release|Any CPU
	EndGlobalSection
	GlobalSection(SolutionProperties) = preSolution
		HideSolutionNode = FALSE
	EndGlobalSection
	GlobalSection(ExtensibilityGlobals) = postSolution
		SolutionGuid = {595E8C23-45BB-4C89-BA81-7F502B67757C}
	EndGlobalSection
EndGlobal
