
Microsoft Visual Studio Solution File, Format Version 12.00
# Visual Studio Version 17
VisualStudioVersion = 17.5.33516.290
MinimumVisualStudioVersion = 10.0.40219.1
Project("{888888A0-9F3D-457C-B088-3A5042F75D52}") = "количество членов", "количество членов\количество членов.pyproj", "{CEE326D4-DC4B-437E-BEDA-5E338A72C468}"
EndProject
Global
	GlobalSection(SolutionConfigurationPlatforms) = preSolution
		Debug|Any CPU = Debug|Any CPU
		Release|Any CPU = Release|Any CPU
	EndGlobalSection
	GlobalSection(ProjectConfigurationPlatforms) = postSolution
		{CEE326D4-DC4B-437E-BEDA-5E338A72C468}.Debug|Any CPU.ActiveCfg = Debug|Any CPU
		{CEE326D4-DC4B-437E-BEDA-5E338A72C468}.Release|Any CPU.ActiveCfg = Release|Any CPU
	EndGlobalSection
	GlobalSection(SolutionProperties) = preSolution
		HideSolutionNode = FALSE
	EndGlobalSection
	GlobalSection(ExtensibilityGlobals) = postSolution
		SolutionGuid = {787E2BCB-1D7B-43B3-A5F0-DA0C1CC62AF5}
	EndGlobalSection
EndGlobal
