
Microsoft Visual Studio Solution File, Format Version 12.00
# Visual Studio Version 17
VisualStudioVersion = 17.7.34024.191
MinimumVisualStudioVersion = 10.0.40219.1
Project("{888888A0-9F3D-457C-B088-3A5042F75D52}") = "ФИО", "ФИО\ФИО.pyproj", "{C7EA359C-FE6F-4815-9257-91B3092A7761}"
EndProject
Global
	GlobalSection(SolutionConfigurationPlatforms) = preSolution
		Debug|Any CPU = Debug|Any CPU
		Release|Any CPU = Release|Any CPU
	EndGlobalSection
	GlobalSection(ProjectConfigurationPlatforms) = postSolution
		{C7EA359C-FE6F-4815-9257-91B3092A7761}.Debug|Any CPU.ActiveCfg = Debug|Any CPU
		{C7EA359C-FE6F-4815-9257-91B3092A7761}.Release|Any CPU.ActiveCfg = Release|Any CPU
	EndGlobalSection
	GlobalSection(SolutionProperties) = preSolution
		HideSolutionNode = FALSE
	EndGlobalSection
	GlobalSection(ExtensibilityGlobals) = postSolution
		SolutionGuid = {B3C55C6B-4C75-49B7-850A-B90F65BA89C6}
	EndGlobalSection
EndGlobal
