
Microsoft Visual Studio Solution File, Format Version 12.00
# Visual Studio Version 17
VisualStudioVersion = 17.5.33530.505
MinimumVisualStudioVersion = 10.0.40219.1
Project("{888888A0-9F3D-457C-B088-3A5042F75D52}") = "цифровой корень", "цифровой корень\цифровой корень.pyproj", "{5768C52B-A3AC-40CE-ACB3-3C15EBB329D6}"
EndProject
Global
	GlobalSection(SolutionConfigurationPlatforms) = preSolution
		Debug|Any CPU = Debug|Any CPU
		Release|Any CPU = Release|Any CPU
	EndGlobalSection
	GlobalSection(ProjectConfigurationPlatforms) = postSolution
		{5768C52B-A3AC-40CE-ACB3-3C15EBB329D6}.Debug|Any CPU.ActiveCfg = Debug|Any CPU
		{5768C52B-A3AC-40CE-ACB3-3C15EBB329D6}.Release|Any CPU.ActiveCfg = Release|Any CPU
	EndGlobalSection
	GlobalSection(SolutionProperties) = preSolution
		HideSolutionNode = FALSE
	EndGlobalSection
	GlobalSection(ExtensibilityGlobals) = postSolution
		SolutionGuid = {08AAC485-A4E9-43F6-ABE5-3F07B48C7C14}
	EndGlobalSection
EndGlobal
