
Microsoft Visual Studio Solution File, Format Version 12.00
# Visual Studio Version 17
VisualStudioVersion = 17.5.33516.290
MinimumVisualStudioVersion = 10.0.40219.1
Project("{888888A0-9F3D-457C-B088-3A5042F75D52}") = "Python is awesome", "Python is awesome\Python is awesome.pyproj", "{65C9AE98-8FE7-4D7B-B1C2-DBA0DBDBCC37}"
EndProject
Global
	GlobalSection(SolutionConfigurationPlatforms) = preSolution
		Debug|Any CPU = Debug|Any CPU
		Release|Any CPU = Release|Any CPU
	EndGlobalSection
	GlobalSection(ProjectConfigurationPlatforms) = postSolution
		{65C9AE98-8FE7-4D7B-B1C2-DBA0DBDBCC37}.Debug|Any CPU.ActiveCfg = Debug|Any CPU
		{65C9AE98-8FE7-4D7B-B1C2-DBA0DBDBCC37}.Release|Any CPU.ActiveCfg = Release|Any CPU
	EndGlobalSection
	GlobalSection(SolutionProperties) = preSolution
		HideSolutionNode = FALSE
	EndGlobalSection
	GlobalSection(ExtensibilityGlobals) = postSolution
		SolutionGuid = {48F2E92D-C8BE-4C03-BA49-D3C8C37BCA7D}
	EndGlobalSection
EndGlobal
