
Microsoft Visual Studio Solution File, Format Version 12.00
# Visual Studio Version 17
VisualStudioVersion = 17.7.34024.191
MinimumVisualStudioVersion = 10.0.40219.1
Project("{888888A0-9F3D-457C-B088-3A5042F75D52}") = "тест№2", "тест№2\тест№2.pyproj", "{1B81B8D3-5FDD-4AF3-880F-CC735EEFBC31}"
EndProject
Global
	GlobalSection(SolutionConfigurationPlatforms) = preSolution
		Debug|Any CPU = Debug|Any CPU
		Release|Any CPU = Release|Any CPU
	EndGlobalSection
	GlobalSection(ProjectConfigurationPlatforms) = postSolution
		{1B81B8D3-5FDD-4AF3-880F-CC735EEFBC31}.Debug|Any CPU.ActiveCfg = Debug|Any CPU
		{1B81B8D3-5FDD-4AF3-880F-CC735EEFBC31}.Release|Any CPU.ActiveCfg = Release|Any CPU
	EndGlobalSection
	GlobalSection(SolutionProperties) = preSolution
		HideSolutionNode = FALSE
	EndGlobalSection
	GlobalSection(ExtensibilityGlobals) = postSolution
		SolutionGuid = {A2A81CCE-491E-481D-8786-307194008711}
	EndGlobalSection
EndGlobal
