
Microsoft Visual Studio Solution File, Format Version 12.00
# Visual Studio Version 17
VisualStudioVersion = 17.5.33516.290
MinimumVisualStudioVersion = 10.0.40219.1
Project("{888888A0-9F3D-457C-B088-3A5042F75D52}") = "одинаковые цифры", "одинаковые цифры\одинаковые цифры.pyproj", "{88FCB6F2-F533-457C-BCB9-EEA01C1EDD97}"
EndProject
Global
	GlobalSection(SolutionConfigurationPlatforms) = preSolution
		Debug|Any CPU = Debug|Any CPU
		Release|Any CPU = Release|Any CPU
	EndGlobalSection
	GlobalSection(ProjectConfigurationPlatforms) = postSolution
		{88FCB6F2-F533-457C-BCB9-EEA01C1EDD97}.Debug|Any CPU.ActiveCfg = Debug|Any CPU
		{88FCB6F2-F533-457C-BCB9-EEA01C1EDD97}.Release|Any CPU.ActiveCfg = Release|Any CPU
	EndGlobalSection
	GlobalSection(SolutionProperties) = preSolution
		HideSolutionNode = FALSE
	EndGlobalSection
	GlobalSection(ExtensibilityGlobals) = postSolution
		SolutionGuid = {C3AAE4FE-3259-425E-B2BF-2562ECF0BDEF}
	EndGlobalSection
EndGlobal
