
Microsoft Visual Studio Solution File, Format Version 12.00
# Visual Studio Version 17
VisualStudioVersion = 17.5.33516.290
MinimumVisualStudioVersion = 10.0.40219.1
Project("{888888A0-9F3D-457C-B088-3A5042F75D52}") = "Сумма чисел", "Сумма чисел\Сумма чисел.pyproj", "{2F31879D-1683-472C-8E9A-98B865295FEA}"
EndProject
Global
	GlobalSection(SolutionConfigurationPlatforms) = preSolution
		Debug|Any CPU = Debug|Any CPU
		Release|Any CPU = Release|Any CPU
	EndGlobalSection
	GlobalSection(ProjectConfigurationPlatforms) = postSolution
		{2F31879D-1683-472C-8E9A-98B865295FEA}.Debug|Any CPU.ActiveCfg = Debug|Any CPU
		{2F31879D-1683-472C-8E9A-98B865295FEA}.Release|Any CPU.ActiveCfg = Release|Any CPU
	EndGlobalSection
	GlobalSection(SolutionProperties) = preSolution
		HideSolutionNode = FALSE
	EndGlobalSection
	GlobalSection(ExtensibilityGlobals) = postSolution
		SolutionGuid = {72DC38D4-8222-430B-83C2-9767C964F67E}
	EndGlobalSection
EndGlobal
