
Microsoft Visual Studio Solution File, Format Version 12.00
# Visual Studio Version 17
VisualStudioVersion = 17.7.34024.191
MinimumVisualStudioVersion = 10.0.40219.1
Project("{888888A0-9F3D-457C-B088-3A5042F75D52}") = "две половинки", "две половинки\две половинки.pyproj", "{0B7C31FF-65BC-4397-B26E-6FE738E599C7}"
EndProject
Global
	GlobalSection(SolutionConfigurationPlatforms) = preSolution
		Debug|Any CPU = Debug|Any CPU
		Release|Any CPU = Release|Any CPU
	EndGlobalSection
	GlobalSection(ProjectConfigurationPlatforms) = postSolution
		{0B7C31FF-65BC-4397-B26E-6FE738E599C7}.Debug|Any CPU.ActiveCfg = Debug|Any CPU
		{0B7C31FF-65BC-4397-B26E-6FE738E599C7}.Release|Any CPU.ActiveCfg = Release|Any CPU
	EndGlobalSection
	GlobalSection(SolutionProperties) = preSolution
		HideSolutionNode = FALSE
	EndGlobalSection
	GlobalSection(ExtensibilityGlobals) = postSolution
		SolutionGuid = {A2899EEB-DAAF-47B4-B66A-B38F6899067A}
	EndGlobalSection
EndGlobal
