
Microsoft Visual Studio Solution File, Format Version 12.00
# Visual Studio Version 17
VisualStudioVersion = 17.5.33516.290
MinimumVisualStudioVersion = 10.0.40219.1
Project("{888888A0-9F3D-457C-B088-3A5042F75D52}") = "Последовательность чисел 1", "Последовательность чисел 1\Последовательность чисел 1.pyproj", "{2E4EAE92-FBA3-4174-8D73-241322196674}"
EndProject
Global
	GlobalSection(SolutionConfigurationPlatforms) = preSolution
		Debug|Any CPU = Debug|Any CPU
		Release|Any CPU = Release|Any CPU
	EndGlobalSection
	GlobalSection(ProjectConfigurationPlatforms) = postSolution
		{2E4EAE92-FBA3-4174-8D73-241322196674}.Debug|Any CPU.ActiveCfg = Debug|Any CPU
		{2E4EAE92-FBA3-4174-8D73-241322196674}.Release|Any CPU.ActiveCfg = Release|Any CPU
	EndGlobalSection
	GlobalSection(SolutionProperties) = preSolution
		HideSolutionNode = FALSE
	EndGlobalSection
	GlobalSection(ExtensibilityGlobals) = postSolution
		SolutionGuid = {6DE322B2-A902-48E6-AAF2-B1AAF39ACB5B}
	EndGlobalSection
EndGlobal
