
Microsoft Visual Studio Solution File, Format Version 12.00
# Visual Studio Version 17
VisualStudioVersion = 17.5.33516.290
MinimumVisualStudioVersion = 10.0.40219.1
Project("{888888A0-9F3D-457C-B088-3A5042F75D52}") = "Асимптотическое приближение", "Асимптотическое приближение\Асимптотическое приближение.pyproj", "{59F4BB9C-3260-43EF-8294-51B7D93734A7}"
EndProject
Global
	GlobalSection(SolutionConfigurationPlatforms) = preSolution
		Debug|Any CPU = Debug|Any CPU
		Release|Any CPU = Release|Any CPU
	EndGlobalSection
	GlobalSection(ProjectConfigurationPlatforms) = postSolution
		{59F4BB9C-3260-43EF-8294-51B7D93734A7}.Debug|Any CPU.ActiveCfg = Debug|Any CPU
		{59F4BB9C-3260-43EF-8294-51B7D93734A7}.Release|Any CPU.ActiveCfg = Release|Any CPU
	EndGlobalSection
	GlobalSection(SolutionProperties) = preSolution
		HideSolutionNode = FALSE
	EndGlobalSection
	GlobalSection(ExtensibilityGlobals) = postSolution
		SolutionGuid = {00344D0F-8C90-46F6-8D61-2965EED6C02A}
	EndGlobalSection
EndGlobal
