
Microsoft Visual Studio Solution File, Format Version 12.00
# Visual Studio Version 17
VisualStudioVersion = 17.5.33516.290
MinimumVisualStudioVersion = 10.0.40219.1
Project("{888888A0-9F3D-457C-B088-3A5042F75D52}") = "таблица 3", "таблица 3\таблица 3.pyproj", "{22E7C213-7440-4C08-BB5A-DB8A49D3D45D}"
EndProject
Global
	GlobalSection(SolutionConfigurationPlatforms) = preSolution
		Debug|Any CPU = Debug|Any CPU
		Release|Any CPU = Release|Any CPU
	EndGlobalSection
	GlobalSection(ProjectConfigurationPlatforms) = postSolution
		{22E7C213-7440-4C08-BB5A-DB8A49D3D45D}.Debug|Any CPU.ActiveCfg = Debug|Any CPU
		{22E7C213-7440-4C08-BB5A-DB8A49D3D45D}.Release|Any CPU.ActiveCfg = Release|Any CPU
	EndGlobalSection
	GlobalSection(SolutionProperties) = preSolution
		HideSolutionNode = FALSE
	EndGlobalSection
	GlobalSection(ExtensibilityGlobals) = postSolution
		SolutionGuid = {C0C437FB-4425-40F3-8421-08524BE7BEBF}
	EndGlobalSection
EndGlobal
