
Microsoft Visual Studio Solution File, Format Version 12.00
# Visual Studio Version 17
VisualStudioVersion = 17.5.33516.290
MinimumVisualStudioVersion = 10.0.40219.1
Project("{888888A0-9F3D-457C-B088-3A5042F75D52}") = "следуй правилам", "следуй правилам\следуй правилам.pyproj", "{7D1C8339-247A-4CE5-866A-5764DD39D089}"
EndProject
Global
	GlobalSection(SolutionConfigurationPlatforms) = preSolution
		Debug|Any CPU = Debug|Any CPU
		Release|Any CPU = Release|Any CPU
	EndGlobalSection
	GlobalSection(ProjectConfigurationPlatforms) = postSolution
		{7D1C8339-247A-4CE5-866A-5764DD39D089}.Debug|Any CPU.ActiveCfg = Debug|Any CPU
		{7D1C8339-247A-4CE5-866A-5764DD39D089}.Release|Any CPU.ActiveCfg = Release|Any CPU
	EndGlobalSection
	GlobalSection(SolutionProperties) = preSolution
		HideSolutionNode = FALSE
	EndGlobalSection
	GlobalSection(ExtensibilityGlobals) = postSolution
		SolutionGuid = {F2498BF0-30A2-4DB1-9D89-A652C5AB5718}
	EndGlobalSection
EndGlobal
