
Microsoft Visual Studio Solution File, Format Version 12.00
# Visual Studio Version 17
VisualStudioVersion = 17.5.33516.290
MinimumVisualStudioVersion = 10.0.40219.1
Project("{888888A0-9F3D-457C-B088-3A5042F75D52}") = "Повторяй за мной 2", "Повторяй за мной 2\Повторяй за мной 2.pyproj", "{27D04B13-172E-4C15-BC64-8AF5634888F7}"
EndProject
Global
	GlobalSection(SolutionConfigurationPlatforms) = preSolution
		Debug|Any CPU = Debug|Any CPU
		Release|Any CPU = Release|Any CPU
	EndGlobalSection
	GlobalSection(ProjectConfigurationPlatforms) = postSolution
		{27D04B13-172E-4C15-BC64-8AF5634888F7}.Debug|Any CPU.ActiveCfg = Debug|Any CPU
		{27D04B13-172E-4C15-BC64-8AF5634888F7}.Release|Any CPU.ActiveCfg = Release|Any CPU
	EndGlobalSection
	GlobalSection(SolutionProperties) = preSolution
		HideSolutionNode = FALSE
	EndGlobalSection
	GlobalSection(ExtensibilityGlobals) = postSolution
		SolutionGuid = {D5BC3CA7-E730-4A3D-A4B7-97FAFC2912A3}
	EndGlobalSection
EndGlobal
