
Microsoft Visual Studio Solution File, Format Version 12.00
# Visual Studio Version 17
VisualStudioVersion = 17.5.33516.290
MinimumVisualStudioVersion = 10.0.40219.1
Project("{888888A0-9F3D-457C-B088-3A5042F75D52}") = "тест", "тест\тест.pyproj", "{AB2E0EB2-9634-4705-AB48-C6384264D54A}"
EndProject
Global
	GlobalSection(SolutionConfigurationPlatforms) = preSolution
		Debug|Any CPU = Debug|Any CPU
		Release|Any CPU = Release|Any CPU
	EndGlobalSection
	GlobalSection(ProjectConfigurationPlatforms) = postSolution
		{AB2E0EB2-9634-4705-AB48-C6384264D54A}.Debug|Any CPU.ActiveCfg = Debug|Any CPU
		{AB2E0EB2-9634-4705-AB48-C6384264D54A}.Release|Any CPU.ActiveCfg = Release|Any CPU
	EndGlobalSection
	GlobalSection(SolutionProperties) = preSolution
		HideSolutionNode = FALSE
	EndGlobalSection
	GlobalSection(ExtensibilityGlobals) = postSolution
		SolutionGuid = {C1EF5503-5538-4D72-8DE0-349F80AED5F4}
	EndGlobalSection
EndGlobal
