
Microsoft Visual Studio Solution File, Format Version 12.00
# Visual Studio Version 17
VisualStudioVersion = 17.5.33530.505
MinimumVisualStudioVersion = 10.0.40219.1
Project("{888888A0-9F3D-457C-B088-3A5042F75D52}") = "делители 2", "делители 2\делители 2.pyproj", "{1F51E4D4-14E0-4E0D-94C8-71E6924F8358}"
EndProject
Global
	GlobalSection(SolutionConfigurationPlatforms) = preSolution
		Debug|Any CPU = Debug|Any CPU
		Release|Any CPU = Release|Any CPU
	EndGlobalSection
	GlobalSection(ProjectConfigurationPlatforms) = postSolution
		{1F51E4D4-14E0-4E0D-94C8-71E6924F8358}.Debug|Any CPU.ActiveCfg = Debug|Any CPU
		{1F51E4D4-14E0-4E0D-94C8-71E6924F8358}.Release|Any CPU.ActiveCfg = Release|Any CPU
	EndGlobalSection
	GlobalSection(SolutionProperties) = preSolution
		HideSolutionNode = FALSE
	EndGlobalSection
	GlobalSection(ExtensibilityGlobals) = postSolution
		SolutionGuid = {D421EA60-585F-4AB7-AD7D-0485904ED965}
	EndGlobalSection
EndGlobal
