
Microsoft Visual Studio Solution File, Format Version 12.00
# Visual Studio Version 17
VisualStudioVersion = 17.5.33516.290
MinimumVisualStudioVersion = 10.0.40219.1
Project("{888888A0-9F3D-457C-B088-3A5042F75D52}") = "Only even numbers", "Only even numbers\Only even numbers.pyproj", "{72440273-0D04-472A-8372-AEDD284C9669}"
EndProject
Global
	GlobalSection(SolutionConfigurationPlatforms) = preSolution
		Debug|Any CPU = Debug|Any CPU
		Release|Any CPU = Release|Any CPU
	EndGlobalSection
	GlobalSection(ProjectConfigurationPlatforms) = postSolution
		{72440273-0D04-472A-8372-AEDD284C9669}.Debug|Any CPU.ActiveCfg = Debug|Any CPU
		{72440273-0D04-472A-8372-AEDD284C9669}.Release|Any CPU.ActiveCfg = Release|Any CPU
	EndGlobalSection
	GlobalSection(SolutionProperties) = preSolution
		HideSolutionNode = FALSE
	EndGlobalSection
	GlobalSection(ExtensibilityGlobals) = postSolution
		SolutionGuid = {28333E98-4059-44A1-A65A-8E13894FF7C5}
	EndGlobalSection
EndGlobal
