
Microsoft Visual Studio Solution File, Format Version 12.00
# Visual Studio Version 17
VisualStudioVersion = 17.5.33516.290
MinimumVisualStudioVersion = 10.0.40219.1
Project("{888888A0-9F3D-457C-B088-3A5042F75D52}") = "Повторяй за мной 1", "Повторяй за мной 1\Повторяй за мной 1.pyproj", "{076488E1-0016-43DA-A90D-E48CA2BA44EA}"
EndProject
Global
	GlobalSection(SolutionConfigurationPlatforms) = preSolution
		Debug|Any CPU = Debug|Any CPU
		Release|Any CPU = Release|Any CPU
	EndGlobalSection
	GlobalSection(ProjectConfigurationPlatforms) = postSolution
		{076488E1-0016-43DA-A90D-E48CA2BA44EA}.Debug|Any CPU.ActiveCfg = Debug|Any CPU
		{076488E1-0016-43DA-A90D-E48CA2BA44EA}.Release|Any CPU.ActiveCfg = Release|Any CPU
	EndGlobalSection
	GlobalSection(SolutionProperties) = preSolution
		HideSolutionNode = FALSE
	EndGlobalSection
	GlobalSection(ExtensibilityGlobals) = postSolution
		SolutionGuid = {FE534F43-6487-4392-8BBD-17DADAA83592}
	EndGlobalSection
EndGlobal
