
Microsoft Visual Studio Solution File, Format Version 12.00
# Visual Studio Version 17
VisualStudioVersion = 17.7.34024.191
MinimumVisualStudioVersion = 10.0.40219.1
Project("{888888A0-9F3D-457C-B088-3A5042F75D52}") = "Нижний регистр", "Нижний регистр\Нижний регистр.pyproj", "{61E4F483-8B98-4CC1-9858-2C476D2FEB6F}"
EndProject
Global
	GlobalSection(SolutionConfigurationPlatforms) = preSolution
		Debug|Any CPU = Debug|Any CPU
		Release|Any CPU = Release|Any CPU
	EndGlobalSection
	GlobalSection(ProjectConfigurationPlatforms) = postSolution
		{61E4F483-8B98-4CC1-9858-2C476D2FEB6F}.Debug|Any CPU.ActiveCfg = Debug|Any CPU
		{61E4F483-8B98-4CC1-9858-2C476D2FEB6F}.Release|Any CPU.ActiveCfg = Release|Any CPU
	EndGlobalSection
	GlobalSection(SolutionProperties) = preSolution
		HideSolutionNode = FALSE
	EndGlobalSection
	GlobalSection(ExtensibilityGlobals) = postSolution
		SolutionGuid = {2C9C071D-2811-4B9A-B95D-EEEDE3A44698}
	EndGlobalSection
EndGlobal
